
Microsoft Visual Studio Solution File, Format Version 12.00
# Visual Studio Version 17
VisualStudioVersion = 17.4.33213.308
MinimumVisualStudioVersion = 10.0.40219.1
Project("{FAE04EC0-301F-11D3-BF4B-00C04F79EFBC}") = "Днмк", "Днмк\Днмк.csproj", "{CC8A881A-BF48-41E8-B6DF-90D54C66F2C7}"
EndProject
Global
	GlobalSection(SolutionConfigurationPlatforms) = preSolution
		Debug|Any CPU = Debug|Any CPU
		Release|Any CPU = Release|Any CPU
	EndGlobalSection
	GlobalSection(ProjectConfigurationPlatforms) = postSolution
		{CC8A881A-BF48-41E8-B6DF-90D54C66F2C7}.Debug|Any CPU.ActiveCfg = Debug|Any CPU
		{CC8A881A-BF48-41E8-B6DF-90D54C66F2C7}.Debug|Any CPU.Build.0 = Debug|Any CPU
		{CC8A881A-BF48-41E8-B6DF-90D54C66F2C7}.Release|Any CPU.ActiveCfg = Release|Any CPU
		{CC8A881A-BF48-41E8-B6DF-90D54C66F2C7}.Release|Any CPU.Build.0 = Release|Any CPU
	EndGlobalSection
	GlobalSection(SolutionProperties) = preSolution
		HideSolutionNode = FALSE
	EndGlobalSection
	GlobalSection(ExtensibilityGlobals) = postSolution
		SolutionGuid = {3D2654F8-2AA2-40A6-8CA7-3C199528AF47}
	EndGlobalSection
EndGlobal
